{
  "name": "type-lenses",
  "version": "0.5.1",
  "lockfileVersion": 2,
  "requires": true,
  "packages": {
    "": {
      "name": "type-lenses",
      "version": "0.5.1",
      "license": "ISC",
      "dependencies": {
        "free-types": "^0.2.10",
        "free-types-core": "^0.4.6"
      },
      "devDependencies": {
        "ts-spec": "^1.5.0",
        "typescript": "^4.9.4"
      }
    },
    "node_modules/free-types": {
      "version": "0.2.10",
      "resolved": "https://registry.npmjs.org/free-types/-/free-types-0.2.10.tgz",
      "integrity": "sha512-TW0aGOkKdrLozvD6dqy6UpHOxT0HglPZh2urw4uiKwpaXoGmVLtElgECYlxAdGkl83LTd2A7sbl+STYNKKEBwQ==",
      "dependencies": {
        "free-types-core": "^0.4.5"
      }
    },
    "node_modules/free-types-core": {
      "version": "0.4.6",
      "resolved": "https://registry.npmjs.org/free-types-core/-/free-types-core-0.4.6.tgz",
      "integrity": "sha512-HughYxrv8n8r/10vth4tKst2XK2vnE3An3WZIz653oKXx03kqGpomGes2qUQm9j8Iv95Y7SweLkSI6Q1Boh3hw=="
    },
    "node_modules/ts-spec": {
      "version": "1.5.0",
      "resolved": "https://registry.npmjs.org/ts-spec/-/ts-spec-1.5.0.tgz",
      "integrity": "sha512-+rP1pduHEFEt89ur4Ibo+huIuLPD7wZt/4gtp2S1TMsqchyCUvFQhLpEWQTv5qClUcF1X/h5EgMbUR91GzVIPA==",
      "dev": true,
      "dependencies": {
        "free-types-core": "^0.8.0"
      }
    },
    "node_modules/ts-spec/node_modules/free-types-core": {
      "version": "0.8.4",
      "resolved": "https://registry.npmjs.org/free-types-core/-/free-types-core-0.8.4.tgz",
      "integrity": "sha512-36K8MecWwWML1Z+9dnkmelixamSR/4Dp8aJMNsiIU8Ehk2UAuNB/+dUwVO0uTS+ahevniECdtrwMgQE/sOZRSw==",
      "dev": true
    },
    "node_modules/typescript": {
      "version": "4.9.4",
      "resolved": "https://registry.npmjs.org/typescript/-/typescript-4.9.4.tgz",
      "integrity": "sha512-Uz+dTXYzxXXbsFpM86Wh3dKCxrQqUcVMxwU54orwlJjOpO3ao8L7j5lH+dWfTwgCwIuM9GQ2kvVotzYJMXTBZg==",
      "dev": true,
      "bin": {
        "tsc": "bin/tsc",
        "tsserver": "bin/tsserver"
      },
      "engines": {
        "node": ">=4.2.0"
      }
    }
  },
  "dependencies": {
    "free-types": {
      "version": "0.2.10",
      "resolved": "https://registry.npmjs.org/free-types/-/free-types-0.2.10.tgz",
      "integrity": "sha512-TW0aGOkKdrLozvD6dqy6UpHOxT0HglPZh2urw4uiKwpaXoGmVLtElgECYlxAdGkl83LTd2A7sbl+STYNKKEBwQ==",
      "requires": {
        "free-types-core": "^0.4.5"
      }
    },
    "free-types-core": {
      "version": "0.4.6",
      "resolved": "https://registry.npmjs.org/free-types-core/-/free-types-core-0.4.6.tgz",
      "integrity": "sha512-HughYxrv8n8r/10vth4tKst2XK2vnE3An3WZIz653oKXx03kqGpomGes2qUQm9j8Iv95Y7SweLkSI6Q1Boh3hw=="
    },
    "ts-spec": {
      "version": "1.5.0",
      "resolved": "https://registry.npmjs.org/ts-spec/-/ts-spec-1.5.0.tgz",
      "integrity": "sha512-+rP1pduHEFEt89ur4Ibo+huIuLPD7wZt/4gtp2S1TMsqchyCUvFQhLpEWQTv5qClUcF1X/h5EgMbUR91GzVIPA==",
      "dev": true,
      "requires": {
        "free-types-core": "^0.8.0"
      },
      "dependencies": {
        "free-types-core": {
          "version": "0.8.4",
          "resolved": "https://registry.npmjs.org/free-types-core/-/free-types-core-0.8.4.tgz",
          "integrity": "sha512-36K8MecWwWML1Z+9dnkmelixamSR/4Dp8aJMNsiIU8Ehk2UAuNB/+dUwVO0uTS+ahevniECdtrwMgQE/sOZRSw==",
          "dev": true
        }
      }
    },
    "typescript": {
      "version": "4.9.4",
      "resolved": "https://registry.npmjs.org/typescript/-/typescript-4.9.4.tgz",
      "integrity": "sha512-Uz+dTXYzxXXbsFpM86Wh3dKCxrQqUcVMxwU54orwlJjOpO3ao8L7j5lH+dWfTwgCwIuM9GQ2kvVotzYJMXTBZg==",
      "dev": true
    }
  }
}
