{
  "name": "type-lenses",
  "version": "0.1.6",
  "lockfileVersion": 2,
  "requires": true,
  "packages": {
    "": {
      "name": "type-lenses",
      "version": "0.1.6",
      "license": "ISC",
      "dependencies": {
        "free-types": "^0.2.9"
      },
      "devDependencies": {
        "ts-spec": "^1.2.1",
        "typescript": "^4.7.4"
      }
    },
    "node_modules/free-types": {
      "version": "0.2.9",
      "resolved": "https://registry.npmjs.org/free-types/-/free-types-0.2.9.tgz",
      "integrity": "sha512-k2DWLR2CKCAdP5R+HrgDVq4mH0gX3W6cjNjW37R0fdq3cB7+SjUN6vpZJ+JwWDSA+O6KNC3cPlofda5oWOeqDA==",
      "dependencies": {
        "free-types-core": "^0.4.5"
      }
    },
    "node_modules/free-types-core": {
      "version": "0.4.5",
      "resolved": "https://registry.npmjs.org/free-types-core/-/free-types-core-0.4.5.tgz",
      "integrity": "sha512-xtq3i9V/XEyrsF25pX6an5zgRjlSjCWrgXdqN1+nWQVaxD9MVSTNjDFG8efBZqm3cc5Jw8fEcBY2U270SI/YJg=="
    },
    "node_modules/ts-spec": {
      "version": "1.2.1",
      "resolved": "https://registry.npmjs.org/ts-spec/-/ts-spec-1.2.1.tgz",
      "integrity": "sha512-upHxFyuLD7HVHYNbZFjyVbSY5ye4Kf3VegyB/iwU+geU/k14kXqAIhJT85cHnXSvMjo+HLIpQCxeVNfm8nOl+g==",
      "dev": true,
      "dependencies": {
        "free-types-core": "^0.4.2"
      }
    },
    "node_modules/typescript": {
      "version": "4.7.4",
      "resolved": "https://registry.npmjs.org/typescript/-/typescript-4.7.4.tgz",
      "integrity": "sha512-C0WQT0gezHuw6AdY1M2jxUO83Rjf0HP7Sk1DtXj6j1EwkQNZrHAg2XPWlq62oqEhYvONq5pkC2Y9oPljWToLmQ==",
      "dev": true,
      "bin": {
        "tsc": "bin/tsc",
        "tsserver": "bin/tsserver"
      },
      "engines": {
        "node": ">=4.2.0"
      }
    }
  },
  "dependencies": {
    "free-types": {
      "version": "0.2.9",
      "resolved": "https://registry.npmjs.org/free-types/-/free-types-0.2.9.tgz",
      "integrity": "sha512-k2DWLR2CKCAdP5R+HrgDVq4mH0gX3W6cjNjW37R0fdq3cB7+SjUN6vpZJ+JwWDSA+O6KNC3cPlofda5oWOeqDA==",
      "requires": {
        "free-types-core": "^0.4.5"
      }
    },
    "free-types-core": {
      "version": "0.4.5",
      "resolved": "https://registry.npmjs.org/free-types-core/-/free-types-core-0.4.5.tgz",
      "integrity": "sha512-xtq3i9V/XEyrsF25pX6an5zgRjlSjCWrgXdqN1+nWQVaxD9MVSTNjDFG8efBZqm3cc5Jw8fEcBY2U270SI/YJg=="
    },
    "ts-spec": {
      "version": "1.2.1",
      "resolved": "https://registry.npmjs.org/ts-spec/-/ts-spec-1.2.1.tgz",
      "integrity": "sha512-upHxFyuLD7HVHYNbZFjyVbSY5ye4Kf3VegyB/iwU+geU/k14kXqAIhJT85cHnXSvMjo+HLIpQCxeVNfm8nOl+g==",
      "dev": true,
      "requires": {
        "free-types-core": "^0.4.2"
      }
    },
    "typescript": {
      "version": "4.7.4",
      "resolved": "https://registry.npmjs.org/typescript/-/typescript-4.7.4.tgz",
      "integrity": "sha512-C0WQT0gezHuw6AdY1M2jxUO83Rjf0HP7Sk1DtXj6j1EwkQNZrHAg2XPWlq62oqEhYvONq5pkC2Y9oPljWToLmQ==",
      "dev": true
    }
  }
}
