{
  "name": "type-lenses",
  "version": "0.0.1",
  "lockfileVersion": 2,
  "requires": true,
  "packages": {
    "": {
      "name": "type-lenses",
      "version": "0.0.1",
      "license": "ISC",
      "dependencies": {
        "free-types": "github:geoffreytools/free-types-private"
      },
      "devDependencies": {
        "ts-test": "github:geoffreytools/ts-test",
        "typescript": "^4.7.4"
      }
    },
    "node_modules/free-types": {
      "version": "0.0.5",
      "resolved": "git+ssh://git@github.com/geoffreytools/free-types-private.git#9bfcf67e8af5824a69a026fbe969a0bf410d49c7",
      "license": "ICS",
      "dependencies": {
        "free-types-core": "github:geoffreytools/free-types-core"
      }
    },
    "node_modules/free-types-core": {
      "version": "0.0.9",
      "resolved": "git+ssh://git@github.com/geoffreytools/free-types-core.git#3a4e6dd95f284f8a5aeff7011cd1741a0cce8baf",
      "license": "ICS"
    },
    "node_modules/ts-test": {
      "version": "1.0.1",
      "resolved": "git+ssh://git@github.com/geoffreytools/ts-test.git#02c163d75292c985cc2715ade2e378bbb98634e4",
      "dev": true,
      "license": "ISC",
      "dependencies": {
        "free-types-core": "github:geoffreytools/free-types-core"
      }
    },
    "node_modules/typescript": {
      "version": "4.7.4",
      "resolved": "https://registry.npmjs.org/typescript/-/typescript-4.7.4.tgz",
      "integrity": "sha512-C0WQT0gezHuw6AdY1M2jxUO83Rjf0HP7Sk1DtXj6j1EwkQNZrHAg2XPWlq62oqEhYvONq5pkC2Y9oPljWToLmQ==",
      "dev": true,
      "bin": {
        "tsc": "bin/tsc",
        "tsserver": "bin/tsserver"
      },
      "engines": {
        "node": ">=4.2.0"
      }
    }
  },
  "dependencies": {
    "free-types": {
      "version": "git+ssh://git@github.com/geoffreytools/free-types-private.git#9bfcf67e8af5824a69a026fbe969a0bf410d49c7",
      "from": "free-types@github:geoffreytools/free-types-private",
      "requires": {
        "free-types-core": "github:geoffreytools/free-types-core"
      }
    },
    "free-types-core": {
      "version": "git+ssh://git@github.com/geoffreytools/free-types-core.git#3a4e6dd95f284f8a5aeff7011cd1741a0cce8baf",
      "from": "free-types-core@github:geoffreytools/free-types-core"
    },
    "ts-test": {
      "version": "git+ssh://git@github.com/geoffreytools/ts-test.git#02c163d75292c985cc2715ade2e378bbb98634e4",
      "dev": true,
      "from": "ts-test@github:geoffreytools/ts-test",
      "requires": {
        "free-types-core": "github:geoffreytools/free-types-core"
      }
    },
    "typescript": {
      "version": "4.7.4",
      "resolved": "https://registry.npmjs.org/typescript/-/typescript-4.7.4.tgz",
      "integrity": "sha512-C0WQT0gezHuw6AdY1M2jxUO83Rjf0HP7Sk1DtXj6j1EwkQNZrHAg2XPWlq62oqEhYvONq5pkC2Y9oPljWToLmQ==",
      "dev": true
    }
  }
}
